// !$*UTF8*$!
{
	archiveVersion = 1;
	classes = {
	};
	objectVersion = 77;
	objects = {

/* Begin PBXBuildFile section */
		1F686ABB4C10A52F6EF98225 /* SceneButtonsView.swift in Sources */ = {isa = PBXBuildFile; fileRef = 7CAAA68D884567E157372FE3 /* SceneButtonsView.swift */; };
		26B99C8AEA0E1EC0125EB83D /* DiscoveryService.swift in Sources */ = {isa = PBXBuildFile; fileRef = 3E87B47EBEC88170DA1DDEE5 /* DiscoveryService.swift */; };
		27C3C63AE434A3C8393B309C /* Volume White.png in Resources */ = {isa = PBXBuildFile; fileRef = 5DFAABEDCCCD8242F820130A /* Volume White.png */; };
		296BE10243DBFD3870B32EEE /* AutoOffView.swift in Sources */ = {isa = PBXBuildFile; fileRef = 5185C17CB9E24D7FCB4D9D4F /* AutoOffView.swift */; };
		357BF5F2633A1190F772AD96 /* MusicCenterView.swift in Sources */ = {isa = PBXBuildFile; fileRef = F25F634C19067DC4199B7E08 /* MusicCenterView.swift */; };
		3A9D0AB64611C3BCA59C32CE /* ThemeToggleView.swift in Sources */ = {isa = PBXBuildFile; fileRef = 8047D8EE87B36132E84684D5 /* ThemeToggleView.swift */; };
		42194FDC0279FF1D45D32E74 /* Volume White White.png in Resources */ = {isa = PBXBuildFile; fileRef = FDEA27242CFDC24C42BE6A15 /* Volume White White.png */; };
		58371B2F19C13C182A9567A3 /* PowerButton.png in Resources */ = {isa = PBXBuildFile; fileRef = 5703748D3D79C547B120D87D /* PowerButton.png */; };
		5936270FE431CF8B699A70A9 /* AppColors.swift in Sources */ = {isa = PBXBuildFile; fileRef = 1B89B38F24CA14F5E84CFE57 /* AppColors.swift */; };
		6044EFD5C5B453145E4E9A15 /* HertzCastApp.swift in Sources */ = {isa = PBXBuildFile; fileRef = 42DB6361C6C794D41274F613 /* HertzCastApp.swift */; };
		62E7702FA42BF0D928D06226 /* PrivacyInfo.xcprivacy in Resources */ = {isa = PBXBuildFile; fileRef = 4CB97BF52A35ED13228D52E4 /* PrivacyInfo.xcprivacy */; };
		64B87002D354360BAF608A24 /* NetRadioBrowserState.swift in Sources */ = {isa = PBXBuildFile; fileRef = 8ABBA120EF6940B243AB3076 /* NetRadioBrowserState.swift */; };
		7076661C17F92DB924D769B1 /* AboutView.swift in Sources */ = {isa = PBXBuildFile; fileRef = 8802A33C4A9790121B6A700F /* AboutView.swift */; };
		70B42DDE509B76EFD51F6D4B /* AppDelegate.swift in Sources */ = {isa = PBXBuildFile; fileRef = BC5D30DD099E238453B9A32B /* AppDelegate.swift */; };
		718ED342EBB4E7A93A52E728 /* AppUIState.swift in Sources */ = {isa = PBXBuildFile; fileRef = E55AA06D763738D00DBDDBB3 /* AppUIState.swift */; };
		766715A979509B903E68BEFE /* StatusSectionView.swift in Sources */ = {isa = PBXBuildFile; fileRef = 346C32B7A13856977BA20D1B /* StatusSectionView.swift */; };
		78A1095FFFB218F828DE900A /* MorningAlarmView.swift in Sources */ = {isa = PBXBuildFile; fileRef = C0B53CB538FC8DC184203556 /* MorningAlarmView.swift */; };
		9524AC054424DFAD7534DA87 /* VolumeKnobView.swift in Sources */ = {isa = PBXBuildFile; fileRef = C31389E3FB9F1005920044B4 /* VolumeKnobView.swift */; };
		969D0E94A3255A595281B3CB /* BitcountPropSingle-ExtraLight.ttf in Resources */ = {isa = PBXBuildFile; fileRef = CC1918FD1D4FCF8B613A00C2 /* BitcountPropSingle-ExtraLight.ttf */; };
		9B8D21F7962680FE577D26EF /* BitcountPropSingle-Regular.ttf in Resources */ = {isa = PBXBuildFile; fileRef = 7B5639C361D35956B650E5BA /* BitcountPropSingle-Regular.ttf */; };
		9E142D401B94981CA00E1CB9 /* TransportControlsView.swift in Sources */ = {isa = PBXBuildFile; fileRef = 8BCE9D24E40C76A3421B655E /* TransportControlsView.swift */; };
		9F16518A7B550CC1CC68F4DE /* KeycapComponents.swift in Sources */ = {isa = PBXBuildFile; fileRef = 7F93190C90044469D8348BE1 /* KeycapComponents.swift */; };
		A526059DBFC52C5C44E7F242 /* main.swift in Sources */ = {isa = PBXBuildFile; fileRef = EBF3029D211C09D0C12A8114 /* main.swift */; };
		B1FC4C299D3C432C381ABEBA /* NetRadioBrowserView.swift in Sources */ = {isa = PBXBuildFile; fileRef = B09CAB16C31AC5699BFC2BFC /* NetRadioBrowserView.swift */; };
		BBD10BEF880FDE268BCAA21B /* MainWindowView.swift in Sources */ = {isa = PBXBuildFile; fileRef = 640EDD1ADE31266A573F34F0 /* MainWindowView.swift */; };
		CB7F44C7F0AAF187F4B606B9 /* PopoverView.swift in Sources */ = {isa = PBXBuildFile; fileRef = 5B01A1586F7C9488BA17702E /* PopoverView.swift */; };
		CB922D9707A07D4DBCAC4E0D /* Button White.png in Resources */ = {isa = PBXBuildFile; fileRef = 0BBC174B3A5BBCEB0421B297 /* Button White.png */; };
		CFCD1FF1589D17C3114FA78B /* Volume.png in Resources */ = {isa = PBXBuildFile; fileRef = 46FBD93DA7599FF1D4B8C6AD /* Volume.png */; };
		D16A8D108F42897252047704 /* SettingsView.swift in Sources */ = {isa = PBXBuildFile; fileRef = 751C5226FB86344214E3935C /* SettingsView.swift */; };
		D67DB29130B0C3B88E0AA2FE /* HertzSettings.swift in Sources */ = {isa = PBXBuildFile; fileRef = 15EE7EC679483157030C7043 /* HertzSettings.swift */; };
		D78CD8C32E62AA8D41148EED /* Zone2View.swift in Sources */ = {isa = PBXBuildFile; fileRef = 4601CD86AD7B19EE348509AF /* Zone2View.swift */; };
		DCC004FCE0E4F09D8EEA8BEB /* SchedulerService.swift in Sources */ = {isa = PBXBuildFile; fileRef = 2AA5BEC134080EF0BD73D9B3 /* SchedulerService.swift */; };
		E54470418373C4911876EF04 /* ManualControlsView.swift in Sources */ = {isa = PBXBuildFile; fileRef = 3F32239D653ADD9BDBAF7198 /* ManualControlsView.swift */; };
		EA207476530E0824F00E8D89 /* Assets.xcassets in Resources */ = {isa = PBXBuildFile; fileRef = 8AECA0BD841A1368AC4693F1 /* Assets.xcassets */; };
		ED50796A7287AE094FDBDE43 /* HertzAPIService.swift in Sources */ = {isa = PBXBuildFile; fileRef = 300CBD6CFC88980BE5CC6DE7 /* HertzAPIService.swift */; };
		F09E5EA1A31D80003EA61063 /* PowerButtonView.swift in Sources */ = {isa = PBXBuildFile; fileRef = AB89C5EC24B380475957D566 /* PowerButtonView.swift */; };
		F290FE0867570A852EE4AAE8 /* ReceiverDisplayView.swift in Sources */ = {isa = PBXBuildFile; fileRef = BFF9260B4E56EEC54DF1B767 /* ReceiverDisplayView.swift */; };
		F5D203C3E9F87DC39242C0E8 /* AudioSettingsView.swift in Sources */ = {isa = PBXBuildFile; fileRef = 6C8F4E75E27D92479740CBDD /* AudioSettingsView.swift */; };
		FD02B64DCC8793F76CC1F171 /* VolumeView.swift in Sources */ = {isa = PBXBuildFile; fileRef = B68074FF386937DC47FB37C0 /* VolumeView.swift */; };
		FE5867E70FE5971C9DDC4C14 /* Button.png in Resources */ = {isa = PBXBuildFile; fileRef = 3A12F6FD6F70358BBD4D9FCE /* Button.png */; };
/* End PBXBuildFile section */

/* Begin PBXContainerItemProxy section */
		EBEC22798A0D7B9911323337 /* PBXContainerItemProxy */ = {
			isa = PBXContainerItemProxy;
			containerPortal = 01D4E9F36C32DD91387FEFAF /* Project object */;
			proxyType = 1;
			remoteGlobalIDString = 2CE158B85C5D5AF39F5FA763;
			remoteInfo = HertzCastHelper;
		};
/* End PBXContainerItemProxy section */

/* Begin PBXFileReference section */
		0BBC174B3A5BBCEB0421B297 /* Button White.png */ = {isa = PBXFileReference; lastKnownFileType = image.png; path = "Button White.png"; sourceTree = "<group>"; };
		15EE7EC679483157030C7043 /* HertzSettings.swift */ = {isa = PBXFileReference; lastKnownFileType = sourcecode.swift; path = HertzSettings.swift; sourceTree = "<group>"; };
		1B89B38F24CA14F5E84CFE57 /* AppColors.swift */ = {isa = PBXFileReference; lastKnownFileType = sourcecode.swift; path = AppColors.swift; sourceTree = "<group>"; };
		2AA5BEC134080EF0BD73D9B3 /* SchedulerService.swift */ = {isa = PBXFileReference; lastKnownFileType = sourcecode.swift; path = SchedulerService.swift; sourceTree = "<group>"; };
		300CBD6CFC88980BE5CC6DE7 /* HertzAPIService.swift */ = {isa = PBXFileReference; lastKnownFileType = sourcecode.swift; path = HertzAPIService.swift; sourceTree = "<group>"; };
		346C32B7A13856977BA20D1B /* StatusSectionView.swift */ = {isa = PBXFileReference; lastKnownFileType = sourcecode.swift; path = StatusSectionView.swift; sourceTree = "<group>"; };
		3A12F6FD6F70358BBD4D9FCE /* Button.png */ = {isa = PBXFileReference; lastKnownFileType = image.png; path = Button.png; sourceTree = "<group>"; };
		3E87B47EBEC88170DA1DDEE5 /* DiscoveryService.swift */ = {isa = PBXFileReference; lastKnownFileType = sourcecode.swift; path = DiscoveryService.swift; sourceTree = "<group>"; };
		3F32239D653ADD9BDBAF7198 /* ManualControlsView.swift */ = {isa = PBXFileReference; lastKnownFileType = sourcecode.swift; path = ManualControlsView.swift; sourceTree = "<group>"; };
		42DB6361C6C794D41274F613 /* HertzCastApp.swift */ = {isa = PBXFileReference; lastKnownFileType = sourcecode.swift; path = HertzCastApp.swift; sourceTree = "<group>"; };
		4601CD86AD7B19EE348509AF /* Zone2View.swift */ = {isa = PBXFileReference; lastKnownFileType = sourcecode.swift; path = Zone2View.swift; sourceTree = "<group>"; };
		46FBD93DA7599FF1D4B8C6AD /* Volume.png */ = {isa = PBXFileReference; lastKnownFileType = image.png; path = Volume.png; sourceTree = "<group>"; };
		4CB97BF52A35ED13228D52E4 /* PrivacyInfo.xcprivacy */ = {isa = PBXFileReference; path = PrivacyInfo.xcprivacy; sourceTree = "<group>"; };
		5185C17CB9E24D7FCB4D9D4F /* AutoOffView.swift */ = {isa = PBXFileReference; lastKnownFileType = sourcecode.swift; path = AutoOffView.swift; sourceTree = "<group>"; };
		5703748D3D79C547B120D87D /* PowerButton.png */ = {isa = PBXFileReference; lastKnownFileType = image.png; path = PowerButton.png; sourceTree = "<group>"; };
		5B01A1586F7C9488BA17702E /* PopoverView.swift */ = {isa = PBXFileReference; lastKnownFileType = sourcecode.swift; path = PopoverView.swift; sourceTree = "<group>"; };
		5DFAABEDCCCD8242F820130A /* Volume White.png */ = {isa = PBXFileReference; lastKnownFileType = image.png; path = "Volume White.png"; sourceTree = "<group>"; };
		640EDD1ADE31266A573F34F0 /* MainWindowView.swift */ = {isa = PBXFileReference; lastKnownFileType = sourcecode.swift; path = MainWindowView.swift; sourceTree = "<group>"; };
		6C8F4E75E27D92479740CBDD /* AudioSettingsView.swift */ = {isa = PBXFileReference; lastKnownFileType = sourcecode.swift; path = AudioSettingsView.swift; sourceTree = "<group>"; };
		751C5226FB86344214E3935C /* SettingsView.swift */ = {isa = PBXFileReference; lastKnownFileType = sourcecode.swift; path = SettingsView.swift; sourceTree = "<group>"; };
		7B5639C361D35956B650E5BA /* BitcountPropSingle-Regular.ttf */ = {isa = PBXFileReference; lastKnownFileType = file; path = "BitcountPropSingle-Regular.ttf"; sourceTree = "<group>"; };
		7CAAA68D884567E157372FE3 /* SceneButtonsView.swift */ = {isa = PBXFileReference; lastKnownFileType = sourcecode.swift; path = SceneButtonsView.swift; sourceTree = "<group>"; };
		7F93190C90044469D8348BE1 /* KeycapComponents.swift */ = {isa = PBXFileReference; lastKnownFileType = sourcecode.swift; path = KeycapComponents.swift; sourceTree = "<group>"; };
		8047D8EE87B36132E84684D5 /* ThemeToggleView.swift */ = {isa = PBXFileReference; lastKnownFileType = sourcecode.swift; path = ThemeToggleView.swift; sourceTree = "<group>"; };
		8053A15B02F9DF8763606FAC /* HertzCast.app */ = {isa = PBXFileReference; explicitFileType = wrapper.application; includeInIndex = 0; path = HertzCast.app; sourceTree = BUILT_PRODUCTS_DIR; };
		8802A33C4A9790121B6A700F /* AboutView.swift */ = {isa = PBXFileReference; lastKnownFileType = sourcecode.swift; path = AboutView.swift; sourceTree = "<group>"; };
		8ABBA120EF6940B243AB3076 /* NetRadioBrowserState.swift */ = {isa = PBXFileReference; lastKnownFileType = sourcecode.swift; path = NetRadioBrowserState.swift; sourceTree = "<group>"; };
		8AECA0BD841A1368AC4693F1 /* Assets.xcassets */ = {isa = PBXFileReference; lastKnownFileType = folder.assetcatalog; path = Assets.xcassets; sourceTree = "<group>"; };
		8BCE9D24E40C76A3421B655E /* TransportControlsView.swift */ = {isa = PBXFileReference; lastKnownFileType = sourcecode.swift; path = TransportControlsView.swift; sourceTree = "<group>"; };
		AB89C5EC24B380475957D566 /* PowerButtonView.swift */ = {isa = PBXFileReference; lastKnownFileType = sourcecode.swift; path = PowerButtonView.swift; sourceTree = "<group>"; };
		B09CAB16C31AC5699BFC2BFC /* NetRadioBrowserView.swift */ = {isa = PBXFileReference; lastKnownFileType = sourcecode.swift; path = NetRadioBrowserView.swift; sourceTree = "<group>"; };
		B68074FF386937DC47FB37C0 /* VolumeView.swift */ = {isa = PBXFileReference; lastKnownFileType = sourcecode.swift; path = VolumeView.swift; sourceTree = "<group>"; };
		BC5D30DD099E238453B9A32B /* AppDelegate.swift */ = {isa = PBXFileReference; lastKnownFileType = sourcecode.swift; path = AppDelegate.swift; sourceTree = "<group>"; };
		BFF9260B4E56EEC54DF1B767 /* ReceiverDisplayView.swift */ = {isa = PBXFileReference; lastKnownFileType = sourcecode.swift; path = ReceiverDisplayView.swift; sourceTree = "<group>"; };
		C0B53CB538FC8DC184203556 /* MorningAlarmView.swift */ = {isa = PBXFileReference; lastKnownFileType = sourcecode.swift; path = MorningAlarmView.swift; sourceTree = "<group>"; };
		C31389E3FB9F1005920044B4 /* VolumeKnobView.swift */ = {isa = PBXFileReference; lastKnownFileType = sourcecode.swift; path = VolumeKnobView.swift; sourceTree = "<group>"; };
		CC1918FD1D4FCF8B613A00C2 /* BitcountPropSingle-ExtraLight.ttf */ = {isa = PBXFileReference; lastKnownFileType = file; path = "BitcountPropSingle-ExtraLight.ttf"; sourceTree = "<group>"; };
		DD6923BCBD9D5F893A3A2FE7 /* HertzCastHelper.app */ = {isa = PBXFileReference; explicitFileType = wrapper.application; includeInIndex = 0; path = HertzCastHelper.app; sourceTree = BUILT_PRODUCTS_DIR; };
		E55AA06D763738D00DBDDBB3 /* AppUIState.swift */ = {isa = PBXFileReference; lastKnownFileType = sourcecode.swift; path = AppUIState.swift; sourceTree = "<group>"; };
		EBF3029D211C09D0C12A8114 /* main.swift */ = {isa = PBXFileReference; lastKnownFileType = sourcecode.swift; path = main.swift; sourceTree = "<group>"; };
		F25F634C19067DC4199B7E08 /* MusicCenterView.swift */ = {isa = PBXFileReference; lastKnownFileType = sourcecode.swift; path = MusicCenterView.swift; sourceTree = "<group>"; };
		FDEA27242CFDC24C42BE6A15 /* Volume White White.png */ = {isa = PBXFileReference; lastKnownFileType = image.png; path = "Volume White White.png"; sourceTree = "<group>"; };
/* End PBXFileReference section */

/* Begin PBXGroup section */
		09588932CD7E47926CCC0C74 /* Views */ = {
			isa = PBXGroup;
			children = (
				8802A33C4A9790121B6A700F /* AboutView.swift */,
				6C8F4E75E27D92479740CBDD /* AudioSettingsView.swift */,
				5185C17CB9E24D7FCB4D9D4F /* AutoOffView.swift */,
				7F93190C90044469D8348BE1 /* KeycapComponents.swift */,
				640EDD1ADE31266A573F34F0 /* MainWindowView.swift */,
				3F32239D653ADD9BDBAF7198 /* ManualControlsView.swift */,
				C0B53CB538FC8DC184203556 /* MorningAlarmView.swift */,
				F25F634C19067DC4199B7E08 /* MusicCenterView.swift */,
				B09CAB16C31AC5699BFC2BFC /* NetRadioBrowserView.swift */,
				5B01A1586F7C9488BA17702E /* PopoverView.swift */,
				AB89C5EC24B380475957D566 /* PowerButtonView.swift */,
				BFF9260B4E56EEC54DF1B767 /* ReceiverDisplayView.swift */,
				7CAAA68D884567E157372FE3 /* SceneButtonsView.swift */,
				751C5226FB86344214E3935C /* SettingsView.swift */,
				346C32B7A13856977BA20D1B /* StatusSectionView.swift */,
				8047D8EE87B36132E84684D5 /* ThemeToggleView.swift */,
				8BCE9D24E40C76A3421B655E /* TransportControlsView.swift */,
				C31389E3FB9F1005920044B4 /* VolumeKnobView.swift */,
				B68074FF386937DC47FB37C0 /* VolumeView.swift */,
				4601CD86AD7B19EE348509AF /* Zone2View.swift */,
			);
			path = Views;
			sourceTree = "<group>";
		};
		0DF1191EC32ED84D2B46DC63 /* HertzCastHelper */ = {
			isa = PBXGroup;
			children = (
				EBF3029D211C09D0C12A8114 /* main.swift */,
			);
			path = HertzCastHelper;
			sourceTree = "<group>";
		};
		AA1448679D6F9B743BE0AA51 /* Resources */ = {
			isa = PBXGroup;
			children = (
				CC1918FD1D4FCF8B613A00C2 /* BitcountPropSingle-ExtraLight.ttf */,
				7B5639C361D35956B650E5BA /* BitcountPropSingle-Regular.ttf */,
				0BBC174B3A5BBCEB0421B297 /* Button White.png */,
				3A12F6FD6F70358BBD4D9FCE /* Button.png */,
				5703748D3D79C547B120D87D /* PowerButton.png */,
				FDEA27242CFDC24C42BE6A15 /* Volume White White.png */,
				5DFAABEDCCCD8242F820130A /* Volume White.png */,
				46FBD93DA7599FF1D4B8C6AD /* Volume.png */,
			);
			path = Resources;
			sourceTree = "<group>";
		};
		B517576FB2BE12F3B4D257F8 = {
			isa = PBXGroup;
			children = (
				E5AE5A521BC056E68E53B618 /* HertzCast */,
				0DF1191EC32ED84D2B46DC63 /* HertzCastHelper */,
				DA3569B0221B290503A7FFD9 /* Products */,
			);
			sourceTree = "<group>";
		};
		B5FFD0099714D02260DCE6BD /* Services */ = {
			isa = PBXGroup;
			children = (
				3E87B47EBEC88170DA1DDEE5 /* DiscoveryService.swift */,
				300CBD6CFC88980BE5CC6DE7 /* HertzAPIService.swift */,
				2AA5BEC134080EF0BD73D9B3 /* SchedulerService.swift */,
			);
			path = Services;
			sourceTree = "<group>";
		};
		DA3569B0221B290503A7FFD9 /* Products */ = {
			isa = PBXGroup;
			children = (
				8053A15B02F9DF8763606FAC /* HertzCast.app */,
				DD6923BCBD9D5F893A3A2FE7 /* HertzCastHelper.app */,
			);
			name = Products;
			sourceTree = "<group>";
		};
		E5AE5A521BC056E68E53B618 /* HertzCast */ = {
			isa = PBXGroup;
			children = (
				BC5D30DD099E238453B9A32B /* AppDelegate.swift */,
				8AECA0BD841A1368AC4693F1 /* Assets.xcassets */,
				42DB6361C6C794D41274F613 /* HertzCastApp.swift */,
				4CB97BF52A35ED13228D52E4 /* PrivacyInfo.xcprivacy */,
				E9C1A37B416AB9ABBA42D03C /* Models */,
				AA1448679D6F9B743BE0AA51 /* Resources */,
				B5FFD0099714D02260DCE6BD /* Services */,
				09588932CD7E47926CCC0C74 /* Views */,
			);
			path = HertzCast;
			sourceTree = "<group>";
		};
		E9C1A37B416AB9ABBA42D03C /* Models */ = {
			isa = PBXGroup;
			children = (
				1B89B38F24CA14F5E84CFE57 /* AppColors.swift */,
				E55AA06D763738D00DBDDBB3 /* AppUIState.swift */,
				15EE7EC679483157030C7043 /* HertzSettings.swift */,
				8ABBA120EF6940B243AB3076 /* NetRadioBrowserState.swift */,
			);
			path = Models;
			sourceTree = "<group>";
		};
/* End PBXGroup section */

/* Begin PBXNativeTarget section */
		2CE158B85C5D5AF39F5FA763 /* HertzCastHelper */ = {
			isa = PBXNativeTarget;
			buildConfigurationList = EB1FFFBD2214D54AD6595788 /* Build configuration list for PBXNativeTarget "HertzCastHelper" */;
			buildPhases = (
				72AE2A7F1003DE5664E894EA /* Sources */,
			);
			buildRules = (
			);
			dependencies = (
			);
			name = HertzCastHelper;
			packageProductDependencies = (
			);
			productName = HertzCastHelper;
			productReference = DD6923BCBD9D5F893A3A2FE7 /* HertzCastHelper.app */;
			productType = "com.apple.product-type.application";
		};
		AC0796A5E39413C8EA0C01F6 /* HertzCast */ = {
			isa = PBXNativeTarget;
			buildConfigurationList = DD06B8B77BDB111C2638D170 /* Build configuration list for PBXNativeTarget "HertzCast" */;
			buildPhases = (
				373F514042DE69C29EFDDEA5 /* Sources */,
				3051CA9EC6662122B2A53DF7 /* Resources */,
				0DCA54E0DA1C0932AE9B7CD5 /* Embed Login Item Helper */,
			);
			buildRules = (
			);
			dependencies = (
				E0507B412FD061AF0775B91D /* PBXTargetDependency */,
			);
			name = HertzCast;
			packageProductDependencies = (
			);
			productName = HertzCast;
			productReference = 8053A15B02F9DF8763606FAC /* HertzCast.app */;
			productType = "com.apple.product-type.application";
		};
/* End PBXNativeTarget section */

/* Begin PBXProject section */
		01D4E9F36C32DD91387FEFAF /* Project object */ = {
			isa = PBXProject;
			attributes = {
				BuildIndependentTargetsInParallel = YES;
				LastUpgradeCheck = 1500;
				TargetAttributes = {
					2CE158B85C5D5AF39F5FA763 = {
						DevelopmentTeam = WZHRK74J98;
						ProvisioningStyle = Automatic;
					};
					AC0796A5E39413C8EA0C01F6 = {
						DevelopmentTeam = WZHRK74J98;
						ProvisioningStyle = Automatic;
					};
				};
			};
			buildConfigurationList = F20A9E2024BA0D28CD64A3E9 /* Build configuration list for PBXProject "HertzCast" */;
			developmentRegion = en;
			hasScannedForEncodings = 0;
			knownRegions = (
				Base,
				en,
			);
			mainGroup = B517576FB2BE12F3B4D257F8;
			minimizedProjectReferenceProxies = 1;
			preferredProjectObjectVersion = 77;
			productRefGroup = DA3569B0221B290503A7FFD9 /* Products */;
			projectDirPath = "";
			projectRoot = "";
			targets = (
				AC0796A5E39413C8EA0C01F6 /* HertzCast */,
				2CE158B85C5D5AF39F5FA763 /* HertzCastHelper */,
			);
		};
/* End PBXProject section */

/* Begin PBXResourcesBuildPhase section */
		3051CA9EC6662122B2A53DF7 /* Resources */ = {
			isa = PBXResourcesBuildPhase;
			buildActionMask = 2147483647;
			files = (
				EA207476530E0824F00E8D89 /* Assets.xcassets in Resources */,
				969D0E94A3255A595281B3CB /* BitcountPropSingle-ExtraLight.ttf in Resources */,
				9B8D21F7962680FE577D26EF /* BitcountPropSingle-Regular.ttf in Resources */,
				CB922D9707A07D4DBCAC4E0D /* Button White.png in Resources */,
				FE5867E70FE5971C9DDC4C14 /* Button.png in Resources */,
				58371B2F19C13C182A9567A3 /* PowerButton.png in Resources */,
				62E7702FA42BF0D928D06226 /* PrivacyInfo.xcprivacy in Resources */,
				42194FDC0279FF1D45D32E74 /* Volume White White.png in Resources */,
				27C3C63AE434A3C8393B309C /* Volume White.png in Resources */,
				CFCD1FF1589D17C3114FA78B /* Volume.png in Resources */,
			);
			runOnlyForDeploymentPostprocessing = 0;
		};
/* End PBXResourcesBuildPhase section */

/* Begin PBXShellScriptBuildPhase section */
		0DCA54E0DA1C0932AE9B7CD5 /* Embed Login Item Helper */ = {
			isa = PBXShellScriptBuildPhase;
			buildActionMask = 2147483647;
			files = (
			);
			inputFileListPaths = (
			);
			inputPaths = (
				"$(BUILT_PRODUCTS_DIR)/HertzCastHelper.app",
			);
			name = "Embed Login Item Helper";
			outputFileListPaths = (
			);
			outputPaths = (
				"$(BUILT_PRODUCTS_DIR)/$(WRAPPER_NAME)/Contents/Library/LoginItems/HertzCastHelper.app",
			);
			runOnlyForDeploymentPostprocessing = 0;
			shellPath = /bin/sh;
			shellScript = "set -e\nSRC=\"${BUILT_PRODUCTS_DIR}/HertzCastHelper.app\"\nDEST=\"${BUILT_PRODUCTS_DIR}/${WRAPPER_NAME}/Contents/Library/LoginItems\"\nmkdir -p \"$DEST\"\nrm -rf \"$DEST/HertzCastHelper.app\"\nditto \"$SRC\" \"$DEST/HertzCastHelper.app\"\n";
			showEnvVarsInLog = 0;
		};
/* End PBXShellScriptBuildPhase section */

/* Begin PBXSourcesBuildPhase section */
		373F514042DE69C29EFDDEA5 /* Sources */ = {
			isa = PBXSourcesBuildPhase;
			buildActionMask = 2147483647;
			files = (
				7076661C17F92DB924D769B1 /* AboutView.swift in Sources */,
				5936270FE431CF8B699A70A9 /* AppColors.swift in Sources */,
				70B42DDE509B76EFD51F6D4B /* AppDelegate.swift in Sources */,
				718ED342EBB4E7A93A52E728 /* AppUIState.swift in Sources */,
				F5D203C3E9F87DC39242C0E8 /* AudioSettingsView.swift in Sources */,
				296BE10243DBFD3870B32EEE /* AutoOffView.swift in Sources */,
				26B99C8AEA0E1EC0125EB83D /* DiscoveryService.swift in Sources */,
				ED50796A7287AE094FDBDE43 /* HertzAPIService.swift in Sources */,
				6044EFD5C5B453145E4E9A15 /* HertzCastApp.swift in Sources */,
				D67DB29130B0C3B88E0AA2FE /* HertzSettings.swift in Sources */,
				9F16518A7B550CC1CC68F4DE /* KeycapComponents.swift in Sources */,
				BBD10BEF880FDE268BCAA21B /* MainWindowView.swift in Sources */,
				E54470418373C4911876EF04 /* ManualControlsView.swift in Sources */,
				78A1095FFFB218F828DE900A /* MorningAlarmView.swift in Sources */,
				357BF5F2633A1190F772AD96 /* MusicCenterView.swift in Sources */,
				64B87002D354360BAF608A24 /* NetRadioBrowserState.swift in Sources */,
				B1FC4C299D3C432C381ABEBA /* NetRadioBrowserView.swift in Sources */,
				CB7F44C7F0AAF187F4B606B9 /* PopoverView.swift in Sources */,
				F09E5EA1A31D80003EA61063 /* PowerButtonView.swift in Sources */,
				F290FE0867570A852EE4AAE8 /* ReceiverDisplayView.swift in Sources */,
				1F686ABB4C10A52F6EF98225 /* SceneButtonsView.swift in Sources */,
				DCC004FCE0E4F09D8EEA8BEB /* SchedulerService.swift in Sources */,
				D16A8D108F42897252047704 /* SettingsView.swift in Sources */,
				766715A979509B903E68BEFE /* StatusSectionView.swift in Sources */,
				3A9D0AB64611C3BCA59C32CE /* ThemeToggleView.swift in Sources */,
				9E142D401B94981CA00E1CB9 /* TransportControlsView.swift in Sources */,
				9524AC054424DFAD7534DA87 /* VolumeKnobView.swift in Sources */,
				FD02B64DCC8793F76CC1F171 /* VolumeView.swift in Sources */,
				D78CD8C32E62AA8D41148EED /* Zone2View.swift in Sources */,
			);
			runOnlyForDeploymentPostprocessing = 0;
		};
		72AE2A7F1003DE5664E894EA /* Sources */ = {
			isa = PBXSourcesBuildPhase;
			buildActionMask = 2147483647;
			files = (
				A526059DBFC52C5C44E7F242 /* main.swift in Sources */,
			);
			runOnlyForDeploymentPostprocessing = 0;
		};
/* End PBXSourcesBuildPhase section */

/* Begin PBXTargetDependency section */
		E0507B412FD061AF0775B91D /* PBXTargetDependency */ = {
			isa = PBXTargetDependency;
			target = 2CE158B85C5D5AF39F5FA763 /* HertzCastHelper */;
			targetProxy = EBEC22798A0D7B9911323337 /* PBXContainerItemProxy */;
		};
/* End PBXTargetDependency section */

/* Begin XCBuildConfiguration section */
		49D148E88337D88AD2F2100E /* Debug */ = {
			isa = XCBuildConfiguration;
			buildSettings = {
				ASSETCATALOG_COMPILER_APPICON_NAME = AppIcon;
				CODE_SIGN_ENTITLEMENTS = HertzCast/HertzCast.entitlements;
				CODE_SIGN_STYLE = Automatic;
				COMBINE_HIDPI_IMAGES = YES;
				DEVELOPMENT_TEAM = WZHRK74J98;
				ENABLE_APP_SANDBOX = YES;
				INFOPLIST_FILE = HertzCast/Info.plist;
				INSTALL_PATH = /Applications;
				LD_RUNPATH_SEARCH_PATHS = (
					"$(inherited)",
					"@executable_path/../Frameworks",
				);
				PRODUCT_BUNDLE_IDENTIFIER = com.danbutuc.hertzcast;
				PRODUCT_NAME = HertzCast;
				SDKROOT = macosx;
				SKIP_INSTALL = NO;
			};
			name = Debug;
		};
		5BFE5E0D08CC02DB032D0DDF /* Release */ = {
			isa = XCBuildConfiguration;
			buildSettings = {
				ASSETCATALOG_COMPILER_APPICON_NAME = AppIcon;
				CODE_SIGN_ENTITLEMENTS = HertzCastHelper/HertzCastHelper.entitlements;
				CODE_SIGN_STYLE = Automatic;
				COMBINE_HIDPI_IMAGES = YES;
				DEVELOPMENT_TEAM = WZHRK74J98;
				ENABLE_APP_SANDBOX = YES;
				INFOPLIST_FILE = HertzCastHelper/Info.plist;
				LD_RUNPATH_SEARCH_PATHS = (
					"$(inherited)",
					"@executable_path/../Frameworks",
				);
				PRODUCT_BUNDLE_IDENTIFIER = com.danbutuc.hertzcast.helper;
				PRODUCT_NAME = HertzCastHelper;
				SDKROOT = macosx;
				SKIP_INSTALL = YES;
			};
			name = Release;
		};
		945CCF75C73BCF5F12BE7885 /* Release */ = {
			isa = XCBuildConfiguration;
			buildSettings = {
				ASSETCATALOG_COMPILER_APPICON_NAME = AppIcon;
				CODE_SIGN_ENTITLEMENTS = HertzCast/HertzCast.entitlements;
				CODE_SIGN_STYLE = Automatic;
				COMBINE_HIDPI_IMAGES = YES;
				DEVELOPMENT_TEAM = WZHRK74J98;
				ENABLE_APP_SANDBOX = YES;
				INFOPLIST_FILE = HertzCast/Info.plist;
				INSTALL_PATH = /Applications;
				LD_RUNPATH_SEARCH_PATHS = (
					"$(inherited)",
					"@executable_path/../Frameworks",
				);
				PRODUCT_BUNDLE_IDENTIFIER = com.danbutuc.hertzcast;
				PRODUCT_NAME = HertzCast;
				SDKROOT = macosx;
				SKIP_INSTALL = NO;
			};
			name = Release;
		};
		A4CE845103FD018F5F749C5E /* Release */ = {
			isa = XCBuildConfiguration;
			buildSettings = {
				ALWAYS_SEARCH_USER_PATHS = NO;
				CLANG_ANALYZER_NONNULL = YES;
				CLANG_ANALYZER_NUMBER_OBJECT_CONVERSION = YES_AGGRESSIVE;
				CLANG_CXX_LANGUAGE_STANDARD = "gnu++14";
				CLANG_CXX_LIBRARY = "libc++";
				CLANG_ENABLE_MODULES = YES;
				CLANG_ENABLE_OBJC_ARC = YES;
				CLANG_ENABLE_OBJC_WEAK = YES;
				CLANG_WARN_BLOCK_CAPTURE_AUTORELEASING = YES;
				CLANG_WARN_BOOL_CONVERSION = YES;
				CLANG_WARN_COMMA = YES;
				CLANG_WARN_CONSTANT_CONVERSION = YES;
				CLANG_WARN_DEPRECATED_OBJC_IMPLEMENTATIONS = YES;
				CLANG_WARN_DIRECT_OBJC_ISA_USAGE = YES_ERROR;
				CLANG_WARN_DOCUMENTATION_COMMENTS = YES;
				CLANG_WARN_EMPTY_BODY = YES;
				CLANG_WARN_ENUM_CONVERSION = YES;
				CLANG_WARN_INFINITE_RECURSION = YES;
				CLANG_WARN_INT_CONVERSION = YES;
				CLANG_WARN_NON_LITERAL_NULL_CONVERSION = YES;
				CLANG_WARN_OBJC_IMPLICIT_RETAIN_SELF = YES;
				CLANG_WARN_OBJC_LITERAL_CONVERSION = YES;
				CLANG_WARN_OBJC_ROOT_CLASS = YES_ERROR;
				CLANG_WARN_QUOTED_INCLUDE_IN_FRAMEWORK_HEADER = YES;
				CLANG_WARN_RANGE_LOOP_ANALYSIS = YES;
				CLANG_WARN_STRICT_PROTOTYPES = YES;
				CLANG_WARN_SUSPICIOUS_MOVE = YES;
				CLANG_WARN_UNGUARDED_AVAILABILITY = YES_AGGRESSIVE;
				CLANG_WARN_UNREACHABLE_CODE = YES;
				CLANG_WARN__DUPLICATE_METHOD_MATCH = YES;
				COPY_PHASE_STRIP = NO;
				DEBUG_INFORMATION_FORMAT = "dwarf-with-dsym";
				ENABLE_HARDENED_RUNTIME = YES;
				ENABLE_NS_ASSERTIONS = NO;
				ENABLE_STRICT_OBJC_MSGSEND = YES;
				GCC_C_LANGUAGE_STANDARD = gnu11;
				GCC_NO_COMMON_BLOCKS = YES;
				GCC_WARN_64_TO_32_BIT_CONVERSION = YES;
				GCC_WARN_ABOUT_RETURN_TYPE = YES_ERROR;
				GCC_WARN_UNDECLARED_SELECTOR = YES;
				GCC_WARN_UNINITIALIZED_AUTOS = YES_AGGRESSIVE;
				GCC_WARN_UNUSED_FUNCTION = YES;
				GCC_WARN_UNUSED_VARIABLE = YES;
				MACOSX_DEPLOYMENT_TARGET = 13.0;
				MTL_ENABLE_DEBUG_INFO = NO;
				MTL_FAST_MATH = YES;
				PRODUCT_NAME = "$(TARGET_NAME)";
				SDKROOT = macosx;
				SWIFT_COMPILATION_MODE = wholemodule;
				SWIFT_OPTIMIZATION_LEVEL = "-O";
				SWIFT_VERSION = 5.9;
			};
			name = Release;
		};
		B970C23E9A60478E53DF0157 /* Debug */ = {
			isa = XCBuildConfiguration;
			buildSettings = {
				ASSETCATALOG_COMPILER_APPICON_NAME = AppIcon;
				CODE_SIGN_ENTITLEMENTS = HertzCastHelper/HertzCastHelper.entitlements;
				CODE_SIGN_STYLE = Automatic;
				COMBINE_HIDPI_IMAGES = YES;
				DEVELOPMENT_TEAM = WZHRK74J98;
				ENABLE_APP_SANDBOX = YES;
				INFOPLIST_FILE = HertzCastHelper/Info.plist;
				LD_RUNPATH_SEARCH_PATHS = (
					"$(inherited)",
					"@executable_path/../Frameworks",
				);
				PRODUCT_BUNDLE_IDENTIFIER = com.danbutuc.hertzcast.helper;
				PRODUCT_NAME = HertzCastHelper;
				SDKROOT = macosx;
				SKIP_INSTALL = YES;
			};
			name = Debug;
		};
		CA7B0050F87732C436AF2163 /* Debug */ = {
			isa = XCBuildConfiguration;
			buildSettings = {
				ALWAYS_SEARCH_USER_PATHS = NO;
				CLANG_ANALYZER_NONNULL = YES;
				CLANG_ANALYZER_NUMBER_OBJECT_CONVERSION = YES_AGGRESSIVE;
				CLANG_CXX_LANGUAGE_STANDARD = "gnu++14";
				CLANG_CXX_LIBRARY = "libc++";
				CLANG_ENABLE_MODULES = YES;
				CLANG_ENABLE_OBJC_ARC = YES;
				CLANG_ENABLE_OBJC_WEAK = YES;
				CLANG_WARN_BLOCK_CAPTURE_AUTORELEASING = YES;
				CLANG_WARN_BOOL_CONVERSION = YES;
				CLANG_WARN_COMMA = YES;
				CLANG_WARN_CONSTANT_CONVERSION = YES;
				CLANG_WARN_DEPRECATED_OBJC_IMPLEMENTATIONS = YES;
				CLANG_WARN_DIRECT_OBJC_ISA_USAGE = YES_ERROR;
				CLANG_WARN_DOCUMENTATION_COMMENTS = YES;
				CLANG_WARN_EMPTY_BODY = YES;
				CLANG_WARN_ENUM_CONVERSION = YES;
				CLANG_WARN_INFINITE_RECURSION = YES;
				CLANG_WARN_INT_CONVERSION = YES;
				CLANG_WARN_NON_LITERAL_NULL_CONVERSION = YES;
				CLANG_WARN_OBJC_IMPLICIT_RETAIN_SELF = YES;
				CLANG_WARN_OBJC_LITERAL_CONVERSION = YES;
				CLANG_WARN_OBJC_ROOT_CLASS = YES_ERROR;
				CLANG_WARN_QUOTED_INCLUDE_IN_FRAMEWORK_HEADER = YES;
				CLANG_WARN_RANGE_LOOP_ANALYSIS = YES;
				CLANG_WARN_STRICT_PROTOTYPES = YES;
				CLANG_WARN_SUSPICIOUS_MOVE = YES;
				CLANG_WARN_UNGUARDED_AVAILABILITY = YES_AGGRESSIVE;
				CLANG_WARN_UNREACHABLE_CODE = YES;
				CLANG_WARN__DUPLICATE_METHOD_MATCH = YES;
				COPY_PHASE_STRIP = NO;
				DEBUG_INFORMATION_FORMAT = dwarf;
				ENABLE_HARDENED_RUNTIME = YES;
				ENABLE_STRICT_OBJC_MSGSEND = YES;
				ENABLE_TESTABILITY = YES;
				GCC_C_LANGUAGE_STANDARD = gnu11;
				GCC_DYNAMIC_NO_PIC = NO;
				GCC_NO_COMMON_BLOCKS = YES;
				GCC_OPTIMIZATION_LEVEL = 0;
				GCC_PREPROCESSOR_DEFINITIONS = (
					"$(inherited)",
					"DEBUG=1",
				);
				GCC_WARN_64_TO_32_BIT_CONVERSION = YES;
				GCC_WARN_ABOUT_RETURN_TYPE = YES_ERROR;
				GCC_WARN_UNDECLARED_SELECTOR = YES;
				GCC_WARN_UNINITIALIZED_AUTOS = YES_AGGRESSIVE;
				GCC_WARN_UNUSED_FUNCTION = YES;
				GCC_WARN_UNUSED_VARIABLE = YES;
				MACOSX_DEPLOYMENT_TARGET = 13.0;
				MTL_ENABLE_DEBUG_INFO = INCLUDE_SOURCE;
				MTL_FAST_MATH = YES;
				ONLY_ACTIVE_ARCH = YES;
				PRODUCT_NAME = "$(TARGET_NAME)";
				SDKROOT = macosx;
				SWIFT_ACTIVE_COMPILATION_CONDITIONS = DEBUG;
				SWIFT_OPTIMIZATION_LEVEL = "-Onone";
				SWIFT_VERSION = 5.9;
			};
			name = Debug;
		};
/* End XCBuildConfiguration section */

/* Begin XCConfigurationList section */
		DD06B8B77BDB111C2638D170 /* Build configuration list for PBXNativeTarget "HertzCast" */ = {
			isa = XCConfigurationList;
			buildConfigurations = (
				49D148E88337D88AD2F2100E /* Debug */,
				945CCF75C73BCF5F12BE7885 /* Release */,
			);
			defaultConfigurationIsVisible = 0;
			defaultConfigurationName = Debug;
		};
		EB1FFFBD2214D54AD6595788 /* Build configuration list for PBXNativeTarget "HertzCastHelper" */ = {
			isa = XCConfigurationList;
			buildConfigurations = (
				B970C23E9A60478E53DF0157 /* Debug */,
				5BFE5E0D08CC02DB032D0DDF /* Release */,
			);
			defaultConfigurationIsVisible = 0;
			defaultConfigurationName = Debug;
		};
		F20A9E2024BA0D28CD64A3E9 /* Build configuration list for PBXProject "HertzCast" */ = {
			isa = XCConfigurationList;
			buildConfigurations = (
				CA7B0050F87732C436AF2163 /* Debug */,
				A4CE845103FD018F5F749C5E /* Release */,
			);
			defaultConfigurationIsVisible = 0;
			defaultConfigurationName = Debug;
		};
/* End XCConfigurationList section */
	};
	rootObject = 01D4E9F36C32DD91387FEFAF /* Project object */;
}
